
Microsoft Visual Studio Solution File, Format Version 12.00
# Visual Studio Version 16
VisualStudioVersion = 16.0.31624.102
MinimumVisualStudioVersion = 10.0.40219.1
Project("{9A19103F-16F7-4668-BE54-9A1E7A4F7556}") = "DevIO.Api", "src\DevIO.Api\DevIO.Api.csproj", "{FC90B649-B464-4C3C-8E75-6586F1D34DC4}"
EndProject
Project("{9A19103F-16F7-4668-BE54-9A1E7A4F7556}") = "DevIO.Business", "..\..\Links e Materiais\API Completa Versao .NET Core3.1\src\DevIO.Business\DevIO.Business.csproj", "{FDA47CB2-70D4-4D85-8B8C-AB7B6EB806C6}"
EndProject
Project("{9A19103F-16F7-4668-BE54-9A1E7A4F7556}") = "DevIO.Data", "..\..\Links e Materiais\API Completa Versao .NET Core3.1\src\DevIO.Data\DevIO.Data.csproj", "{542F5F00-CA1F-4566-9236-0B77156F062D}"
EndProject
Global
	GlobalSection(SolutionConfigurationPlatforms) = preSolution
		Debug|Any CPU = Debug|Any CPU
		Release|Any CPU = Release|Any CPU
	EndGlobalSection
	GlobalSection(ProjectConfigurationPlatforms) = postSolution
		{FC90B649-B464-4C3C-8E75-6586F1D34DC4}.Debug|Any CPU.ActiveCfg = Debug|Any CPU
		{FC90B649-B464-4C3C-8E75-6586F1D34DC4}.Debug|Any CPU.Build.0 = Debug|Any CPU
		{FC90B649-B464-4C3C-8E75-6586F1D34DC4}.Release|Any CPU.ActiveCfg = Release|Any CPU
		{FC90B649-B464-4C3C-8E75-6586F1D34DC4}.Release|Any CPU.Build.0 = Release|Any CPU
		{FDA47CB2-70D4-4D85-8B8C-AB7B6EB806C6}.Debug|Any CPU.ActiveCfg = Debug|Any CPU
		{FDA47CB2-70D4-4D85-8B8C-AB7B6EB806C6}.Debug|Any CPU.Build.0 = Debug|Any CPU
		{FDA47CB2-70D4-4D85-8B8C-AB7B6EB806C6}.Release|Any CPU.ActiveCfg = Release|Any CPU
		{FDA47CB2-70D4-4D85-8B8C-AB7B6EB806C6}.Release|Any CPU.Build.0 = Release|Any CPU
		{542F5F00-CA1F-4566-9236-0B77156F062D}.Debug|Any CPU.ActiveCfg = Debug|Any CPU
		{542F5F00-CA1F-4566-9236-0B77156F062D}.Debug|Any CPU.Build.0 = Debug|Any CPU
		{542F5F00-CA1F-4566-9236-0B77156F062D}.Release|Any CPU.ActiveCfg = Release|Any CPU
		{542F5F00-CA1F-4566-9236-0B77156F062D}.Release|Any CPU.Build.0 = Release|Any CPU
	EndGlobalSection
	GlobalSection(SolutionProperties) = preSolution
		HideSolutionNode = FALSE
	EndGlobalSection
	GlobalSection(ExtensibilityGlobals) = postSolution
		SolutionGuid = {6E8F971D-DA6D-4FAF-AB79-3AFAE2C5FC40}
	EndGlobalSection
EndGlobal
