
Microsoft Visual Studio Solution File, Format Version 12.00
# Visual Studio Version 16
VisualStudioVersion = 16.0.31624.102
MinimumVisualStudioVersion = 10.0.40219.1
Project("{9A19103F-16F7-4668-BE54-9A1E7A4F7556}") = "DevIO.Business", "src\DevIO.Business\DevIO.Business.csproj", "{2B2B78FC-0A46-445C-AB6F-00B755E2E253}"
EndProject
Project("{9A19103F-16F7-4668-BE54-9A1E7A4F7556}") = "DevIO.Data", "src\DevIO.Data\DevIO.Data.csproj", "{819C7B24-E5FB-44FA-AB43-DDCF1F59856C}"
EndProject
Project("{FAE04EC0-301F-11D3-BF4B-00C04F79EFBC}") = "DevIO.Api", "src\DevIO.Api\DevIO.Api.csproj", "{FC90B649-B464-4C3C-8E75-6586F1D34DC4}"
EndProject
Global
	GlobalSection(SolutionConfigurationPlatforms) = preSolution
		Debug|Any CPU = Debug|Any CPU
		Release|Any CPU = Release|Any CPU
	EndGlobalSection
	GlobalSection(ProjectConfigurationPlatforms) = postSolution
		{2B2B78FC-0A46-445C-AB6F-00B755E2E253}.Debug|Any CPU.ActiveCfg = Debug|Any CPU
		{2B2B78FC-0A46-445C-AB6F-00B755E2E253}.Debug|Any CPU.Build.0 = Debug|Any CPU
		{2B2B78FC-0A46-445C-AB6F-00B755E2E253}.Release|Any CPU.ActiveCfg = Release|Any CPU
		{2B2B78FC-0A46-445C-AB6F-00B755E2E253}.Release|Any CPU.Build.0 = Release|Any CPU
		{819C7B24-E5FB-44FA-AB43-DDCF1F59856C}.Debug|Any CPU.ActiveCfg = Debug|Any CPU
		{819C7B24-E5FB-44FA-AB43-DDCF1F59856C}.Debug|Any CPU.Build.0 = Debug|Any CPU
		{819C7B24-E5FB-44FA-AB43-DDCF1F59856C}.Release|Any CPU.ActiveCfg = Release|Any CPU
		{819C7B24-E5FB-44FA-AB43-DDCF1F59856C}.Release|Any CPU.Build.0 = Release|Any CPU
		{FC90B649-B464-4C3C-8E75-6586F1D34DC4}.Debug|Any CPU.ActiveCfg = Debug|Any CPU
		{FC90B649-B464-4C3C-8E75-6586F1D34DC4}.Debug|Any CPU.Build.0 = Debug|Any CPU
		{FC90B649-B464-4C3C-8E75-6586F1D34DC4}.Release|Any CPU.ActiveCfg = Release|Any CPU
		{FC90B649-B464-4C3C-8E75-6586F1D34DC4}.Release|Any CPU.Build.0 = Release|Any CPU
	EndGlobalSection
	GlobalSection(SolutionProperties) = preSolution
		HideSolutionNode = FALSE
	EndGlobalSection
	GlobalSection(ExtensibilityGlobals) = postSolution
		SolutionGuid = {6E8F971D-DA6D-4FAF-AB79-3AFAE2C5FC40}
	EndGlobalSection
EndGlobal
